// !$*UTF8*$!
{
	archiveVersion = 1;
	classes = {
	};
	objectVersion = 56;
	objects = {

/* Begin PBXBuildFile section */
		48611FEB2BB16A32000762EB /* coffeehouseApp.swift in Sources */ = {isa = PBXBuildFile; fileRef = 48611FEA2BB16A32000762EB /* coffeehouseApp.swift */; };
		48611FED2BB16A32000762EB /* ContentView.swift in Sources */ = {isa = PBXBuildFile; fileRef = 48611FEC2BB16A32000762EB /* ContentView.swift */; };
		48611FEF2BB16A34000762EB /* Assets.xcassets in Resources */ = {isa = PBXBuildFile; fileRef = 48611FEE2BB16A34000762EB /* Assets.xcassets */; };
		48611FF22BB16A34000762EB /* Preview Assets.xcassets in Resources */ = {isa = PBXBuildFile; fileRef = 48611FF12BB16A34000762EB /* Preview Assets.xcassets */; };
		48694A7B2BB351D500228807 /* GooglePlaces in Frameworks */ = {isa = PBXBuildFile; productRef = 48694A7A2BB351D500228807 /* GooglePlaces */; };
		48694A882BB4B03E00228807 /* PlaceModel.swift in Sources */ = {isa = PBXBuildFile; fileRef = 48694A872BB4B03E00228807 /* PlaceModel.swift */; };
		48694A8A2BB4B0B000228807 /* PlacesController.swift in Sources */ = {isa = PBXBuildFile; fileRef = 48694A892BB4B0B000228807 /* PlacesController.swift */; };
		48694AAF2BB710BC00228807 /* PlacesAutocompleteView.swift in Sources */ = {isa = PBXBuildFile; fileRef = 48694AAE2BB710BC00228807 /* PlacesAutocompleteView.swift */; };
/* End PBXBuildFile section */

/* Begin PBXFileReference section */
		48611FE72BB16A32000762EB /* coffeehouse.app */ = {isa = PBXFileReference; explicitFileType = wrapper.application; includeInIndex = 0; path = coffeehouse.app; sourceTree = BUILT_PRODUCTS_DIR; };
		48611FEA2BB16A32000762EB /* coffeehouseApp.swift */ = {isa = PBXFileReference; lastKnownFileType = sourcecode.swift; path = coffeehouseApp.swift; sourceTree = "<group>"; };
		48611FEC2BB16A32000762EB /* ContentView.swift */ = {isa = PBXFileReference; lastKnownFileType = sourcecode.swift; path = ContentView.swift; sourceTree = "<group>"; };
		48611FEE2BB16A34000762EB /* Assets.xcassets */ = {isa = PBXFileReference; lastKnownFileType = folder.assetcatalog; path = Assets.xcassets; sourceTree = "<group>"; };
		48611FF12BB16A34000762EB /* Preview Assets.xcassets */ = {isa = PBXFileReference; lastKnownFileType = folder.assetcatalog; path = "Preview Assets.xcassets"; sourceTree = "<group>"; };
		48694A872BB4B03E00228807 /* PlaceModel.swift */ = {isa = PBXFileReference; lastKnownFileType = sourcecode.swift; path = PlaceModel.swift; sourceTree = "<group>"; };
		48694A892BB4B0B000228807 /* PlacesController.swift */ = {isa = PBXFileReference; lastKnownFileType = sourcecode.swift; path = PlacesController.swift; sourceTree = "<group>"; };
		48694AAE2BB710BC00228807 /* PlacesAutocompleteView.swift */ = {isa = PBXFileReference; lastKnownFileType = sourcecode.swift; path = PlacesAutocompleteView.swift; sourceTree = "<group>"; };
/* End PBXFileReference section */

/* Begin PBXFrameworksBuildPhase section */
		48611FE42BB16A32000762EB /* Frameworks */ = {
			isa = PBXFrameworksBuildPhase;
			buildActionMask = 2147483647;
			files = (
				48694A7B2BB351D500228807 /* GooglePlaces in Frameworks */,
			);
			runOnlyForDeploymentPostprocessing = 0;
		};
/* End PBXFrameworksBuildPhase section */

/* Begin PBXGroup section */
		48611FDE2BB16A32000762EB = {
			isa = PBXGroup;
			children = (
				48611FE92BB16A32000762EB /* coffeehouse */,
				48611FE82BB16A32000762EB /* Products */,
			);
			sourceTree = "<group>";
		};
		48611FE82BB16A32000762EB /* Products */ = {
			isa = PBXGroup;
			children = (
				48611FE72BB16A32000762EB /* coffeehouse.app */,
			);
			name = Products;
			sourceTree = "<group>";
		};
		48611FE92BB16A32000762EB /* coffeehouse */ = {
			isa = PBXGroup;
			children = (
				48694A7F2BB3536700228807 /* Controllers */,
				48694A7E2BB352CE00228807 /* Views */,
				48694A7D2BB3529900228807 /* Models */,
				48611FEA2BB16A32000762EB /* coffeehouseApp.swift */,
				48611FEE2BB16A34000762EB /* Assets.xcassets */,
				48611FF02BB16A34000762EB /* Preview Content */,
			);
			path = coffeehouse;
			sourceTree = "<group>";
		};
		48611FF02BB16A34000762EB /* Preview Content */ = {
			isa = PBXGroup;
			children = (
				48611FF12BB16A34000762EB /* Preview Assets.xcassets */,
			);
			path = "Preview Content";
			sourceTree = "<group>";
		};
		48694A7D2BB3529900228807 /* Models */ = {
			isa = PBXGroup;
			children = (
				48694A872BB4B03E00228807 /* PlaceModel.swift */,
			);
			path = Models;
			sourceTree = "<group>";
		};
		48694A7E2BB352CE00228807 /* Views */ = {
			isa = PBXGroup;
			children = (
				48611FEC2BB16A32000762EB /* ContentView.swift */,
				48694AAE2BB710BC00228807 /* PlacesAutocompleteView.swift */,
			);
			path = Views;
			sourceTree = "<group>";
		};
		48694A7F2BB3536700228807 /* Controllers */ = {
			isa = PBXGroup;
			children = (
				48694A892BB4B0B000228807 /* PlacesController.swift */,
			);
			path = Controllers;
			sourceTree = "<group>";
		};
/* End PBXGroup section */

/* Begin PBXNativeTarget section */
		48611FE62BB16A32000762EB /* coffeehouse */ = {
			isa = PBXNativeTarget;
			buildConfigurationList = 48611FF52BB16A34000762EB /* Build configuration list for PBXNativeTarget "coffeehouse" */;
			buildPhases = (
				48611FE32BB16A32000762EB /* Sources */,
				48611FE42BB16A32000762EB /* Frameworks */,
				48611FE52BB16A32000762EB /* Resources */,
			);
			buildRules = (
			);
			dependencies = (
			);
			name = coffeehouse;
			packageProductDependencies = (
				48694A7A2BB351D500228807 /* GooglePlaces */,
			);
			productName = coffeehouse;
			productReference = 48611FE72BB16A32000762EB /* coffeehouse.app */;
			productType = "com.apple.product-type.application";
		};
/* End PBXNativeTarget section */

/* Begin PBXProject section */
		48611FDF2BB16A32000762EB /* Project object */ = {
			isa = PBXProject;
			attributes = {
				BuildIndependentTargetsInParallel = 1;
				LastSwiftUpdateCheck = 1500;
				LastUpgradeCheck = 1500;
				TargetAttributes = {
					48611FE62BB16A32000762EB = {
						CreatedOnToolsVersion = 15.0.1;
					};
				};
			};
			buildConfigurationList = 48611FE22BB16A32000762EB /* Build configuration list for PBXProject "coffeehouse" */;
			compatibilityVersion = "Xcode 14.0";
			developmentRegion = en;
			hasScannedForEncodings = 0;
			knownRegions = (
				en,
				Base,
			);
			mainGroup = 48611FDE2BB16A32000762EB;
			packageReferences = (
				48694A792BB351D500228807 /* XCRemoteSwiftPackageReference "ios-places-sdk" */,
			);
			productRefGroup = 48611FE82BB16A32000762EB /* Products */;
			projectDirPath = "";
			projectRoot = "";
			targets = (
				48611FE62BB16A32000762EB /* coffeehouse */,
			);
		};
/* End PBXProject section */

/* Begin PBXResourcesBuildPhase section */
		48611FE52BB16A32000762EB /* Resources */ = {
			isa = PBXResourcesBuildPhase;
			buildActionMask = 2147483647;
			files = (
				48611FF22BB16A34000762EB /* Preview Assets.xcassets in Resources */,
				48611FEF2BB16A34000762EB /* Assets.xcassets in Resources */,
			);
			runOnlyForDeploymentPostprocessing = 0;
		};
/* End PBXResourcesBuildPhase section */

/* Begin PBXSourcesBuildPhase section */
		48611FE32BB16A32000762EB /* Sources */ = {
			isa = PBXSourcesBuildPhase;
			buildActionMask = 2147483647;
			files = (
				48611FED2BB16A32000762EB /* ContentView.swift in Sources */,
				48611FEB2BB16A32000762EB /* coffeehouseApp.swift in Sources */,
				48694A882BB4B03E00228807 /* PlaceModel.swift in Sources */,
				48694A8A2BB4B0B000228807 /* PlacesController.swift in Sources */,
				48694AAF2BB710BC00228807 /* PlacesAutocompleteView.swift in Sources */,
			);
			runOnlyForDeploymentPostprocessing = 0;
		};
/* End PBXSourcesBuildPhase section */

/* Begin XCBuildConfiguration section */
		48611FF32BB16A34000762EB /* Debug */ = {
			isa = XCBuildConfiguration;
			buildSettings = {
				ALWAYS_SEARCH_USER_PATHS = NO;
				ASSETCATALOG_COMPILER_GENERATE_SWIFT_ASSET_SYMBOL_EXTENSIONS = YES;
				CLANG_ANALYZER_NONNULL = YES;
				CLANG_ANALYZER_NUMBER_OBJECT_CONVERSION = YES_AGGRESSIVE;
				CLANG_CXX_LANGUAGE_STANDARD = "gnu++20";
				CLANG_ENABLE_MODULES = YES;
				CLANG_ENABLE_OBJC_ARC = YES;
				CLANG_ENABLE_OBJC_WEAK = YES;
				CLANG_WARN_BLOCK_CAPTURE_AUTORELEASING = YES;
				CLANG_WARN_BOOL_CONVERSION = YES;
				CLANG_WARN_COMMA = YES;
				CLANG_WARN_CONSTANT_CONVERSION = YES;
				CLANG_WARN_DEPRECATED_OBJC_IMPLEMENTATIONS = YES;
				CLANG_WARN_DIRECT_OBJC_ISA_USAGE = YES_ERROR;
				CLANG_WARN_DOCUMENTATION_COMMENTS = YES;
				CLANG_WARN_EMPTY_BODY = YES;
				CLANG_WARN_ENUM_CONVERSION = YES;
				CLANG_WARN_INFINITE_RECURSION = YES;
				CLANG_WARN_INT_CONVERSION = YES;
				CLANG_WARN_NON_LITERAL_NULL_CONVERSION = YES;
				CLANG_WARN_OBJC_IMPLICIT_RETAIN_SELF = YES;
				CLANG_WARN_OBJC_LITERAL_CONVERSION = YES;
				CLANG_WARN_OBJC_ROOT_CLASS = YES_ERROR;
				CLANG_WARN_QUOTED_INCLUDE_IN_FRAMEWORK_HEADER = YES;
				CLANG_WARN_RANGE_LOOP_ANALYSIS = YES;
				CLANG_WARN_STRICT_PROTOTYPES = YES;
				CLANG_WARN_SUSPICIOUS_MOVE = YES;
				CLANG_WARN_UNGUARDED_AVAILABILITY = YES_AGGRESSIVE;
				CLANG_WARN_UNREACHABLE_CODE = YES;
				CLANG_WARN__DUPLICATE_METHOD_MATCH = YES;
				COPY_PHASE_STRIP = NO;
				DEBUG_INFORMATION_FORMAT = dwarf;
				ENABLE_STRICT_OBJC_MSGSEND = YES;
				ENABLE_TESTABILITY = YES;
				ENABLE_USER_SCRIPT_SANDBOXING = YES;
				GCC_C_LANGUAGE_STANDARD = gnu17;
				GCC_DYNAMIC_NO_PIC = NO;
				GCC_NO_COMMON_BLOCKS = YES;
				GCC_OPTIMIZATION_LEVEL = 0;
				GCC_PREPROCESSOR_DEFINITIONS = (
					"DEBUG=1",
					"$(inherited)",
				);
				GCC_WARN_64_TO_32_BIT_CONVERSION = YES;
				GCC_WARN_ABOUT_RETURN_TYPE = YES_ERROR;
				GCC_WARN_UNDECLARED_SELECTOR = YES;
				GCC_WARN_UNINITIALIZED_AUTOS = YES_AGGRESSIVE;
				GCC_WARN_UNUSED_FUNCTION = YES;
				GCC_WARN_UNUSED_VARIABLE = YES;
				IPHONEOS_DEPLOYMENT_TARGET = 17.0;
				LOCALIZATION_PREFERS_STRING_CATALOGS = YES;
				MTL_ENABLE_DEBUG_INFO = INCLUDE_SOURCE;
				MTL_FAST_MATH = YES;
				ONLY_ACTIVE_ARCH = YES;
				SDKROOT = iphoneos;
				SWIFT_ACTIVE_COMPILATION_CONDITIONS = "DEBUG $(inherited)";
				SWIFT_OPTIMIZATION_LEVEL = "-Onone";
			};
			name = Debug;
		};
		48611FF42BB16A34000762EB /* Release */ = {
			isa = XCBuildConfiguration;
			buildSettings = {
				ALWAYS_SEARCH_USER_PATHS = NO;
				ASSETCATALOG_COMPILER_GENERATE_SWIFT_ASSET_SYMBOL_EXTENSIONS = YES;
				CLANG_ANALYZER_NONNULL = YES;
				CLANG_ANALYZER_NUMBER_OBJECT_CONVERSION = YES_AGGRESSIVE;
				CLANG_CXX_LANGUAGE_STANDARD = "gnu++20";
				CLANG_ENABLE_MODULES = YES;
				CLANG_ENABLE_OBJC_ARC = YES;
				CLANG_ENABLE_OBJC_WEAK = YES;
				CLANG_WARN_BLOCK_CAPTURE_AUTORELEASING = YES;
				CLANG_WARN_BOOL_CONVERSION = YES;
				CLANG_WARN_COMMA = YES;
				CLANG_WARN_CONSTANT_CONVERSION = YES;
				CLANG_WARN_DEPRECATED_OBJC_IMPLEMENTATIONS = YES;
				CLANG_WARN_DIRECT_OBJC_ISA_USAGE = YES_ERROR;
				CLANG_WARN_DOCUMENTATION_COMMENTS = YES;
				CLANG_WARN_EMPTY_BODY = YES;
				CLANG_WARN_ENUM_CONVERSION = YES;
				CLANG_WARN_INFINITE_RECURSION = YES;
				CLANG_WARN_INT_CONVERSION = YES;
				CLANG_WARN_NON_LITERAL_NULL_CONVERSION = YES;
				CLANG_WARN_OBJC_IMPLICIT_RETAIN_SELF = YES;
				CLANG_WARN_OBJC_LITERAL_CONVERSION = YES;
				CLANG_WARN_OBJC_ROOT_CLASS = YES_ERROR;
				CLANG_WARN_QUOTED_INCLUDE_IN_FRAMEWORK_HEADER = YES;
				CLANG_WARN_RANGE_LOOP_ANALYSIS = YES;
				CLANG_WARN_STRICT_PROTOTYPES = YES;
				CLANG_WARN_SUSPICIOUS_MOVE = YES;
				CLANG_WARN_UNGUARDED_AVAILABILITY = YES_AGGRESSIVE;
				CLANG_WARN_UNREACHABLE_CODE = YES;
				CLANG_WARN__DUPLICATE_METHOD_MATCH = YES;
				COPY_PHASE_STRIP = NO;
				DEBUG_INFORMATION_FORMAT = "dwarf-with-dsym";
				ENABLE_NS_ASSERTIONS = NO;
				ENABLE_STRICT_OBJC_MSGSEND = YES;
				ENABLE_USER_SCRIPT_SANDBOXING = YES;
				GCC_C_LANGUAGE_STANDARD = gnu17;
				GCC_NO_COMMON_BLOCKS = YES;
				GCC_WARN_64_TO_32_BIT_CONVERSION = YES;
				GCC_WARN_ABOUT_RETURN_TYPE = YES_ERROR;
				GCC_WARN_UNDECLARED_SELECTOR = YES;
				GCC_WARN_UNINITIALIZED_AUTOS = YES_AGGRESSIVE;
				GCC_WARN_UNUSED_FUNCTION = YES;
				GCC_WARN_UNUSED_VARIABLE = YES;
				IPHONEOS_DEPLOYMENT_TARGET = 17.0;
				LOCALIZATION_PREFERS_STRING_CATALOGS = YES;
				MTL_ENABLE_DEBUG_INFO = NO;
				MTL_FAST_MATH = YES;
				SDKROOT = iphoneos;
				SWIFT_COMPILATION_MODE = wholemodule;
				VALIDATE_PRODUCT = YES;
			};
			name = Release;
		};
		48611FF62BB16A34000762EB /* Debug */ = {
			isa = XCBuildConfiguration;
			buildSettings = {
				ASSETCATALOG_COMPILER_APPICON_NAME = AppIcon;
				ASSETCATALOG_COMPILER_GLOBAL_ACCENT_COLOR_NAME = AccentColor;
				CODE_SIGN_STYLE = Automatic;
				CURRENT_PROJECT_VERSION = 1;
				DEVELOPMENT_ASSET_PATHS = "\"coffeehouse/Preview Content\"";
				DEVELOPMENT_TEAM = TJY5ZG3YK3;
				ENABLE_PREVIEWS = YES;
				GENERATE_INFOPLIST_FILE = YES;
				INFOPLIST_KEY_UIApplicationSceneManifest_Generation = YES;
				INFOPLIST_KEY_UIApplicationSupportsIndirectInputEvents = YES;
				INFOPLIST_KEY_UILaunchScreen_Generation = YES;
				INFOPLIST_KEY_UISupportedInterfaceOrientations_iPad = "UIInterfaceOrientationPortrait UIInterfaceOrientationPortraitUpsideDown UIInterfaceOrientationLandscapeLeft UIInterfaceOrientationLandscapeRight";
				INFOPLIST_KEY_UISupportedInterfaceOrientations_iPhone = "UIInterfaceOrientationPortrait UIInterfaceOrientationLandscapeLeft UIInterfaceOrientationLandscapeRight";
				LD_RUNPATH_SEARCH_PATHS = (
					"$(inherited)",
					"@executable_path/Frameworks",
				);
				MARKETING_VERSION = 1.0;
				PRODUCT_BUNDLE_IDENTIFIER = com.Coffeehouse.coffeehouse;
				PRODUCT_NAME = "$(TARGET_NAME)";
				SWIFT_EMIT_LOC_STRINGS = YES;
				SWIFT_VERSION = 5.0;
				TARGETED_DEVICE_FAMILY = "1,2";
			};
			name = Debug;
		};
		48611FF72BB16A34000762EB /* Release */ = {
			isa = XCBuildConfiguration;
			buildSettings = {
				ASSETCATALOG_COMPILER_APPICON_NAME = AppIcon;
				ASSETCATALOG_COMPILER_GLOBAL_ACCENT_COLOR_NAME = AccentColor;
				CODE_SIGN_STYLE = Automatic;
				CURRENT_PROJECT_VERSION = 1;
				DEVELOPMENT_ASSET_PATHS = "\"coffeehouse/Preview Content\"";
				DEVELOPMENT_TEAM = TJY5ZG3YK3;
				ENABLE_PREVIEWS = YES;
				GENERATE_INFOPLIST_FILE = YES;
				INFOPLIST_KEY_UIApplicationSceneManifest_Generation = YES;
				INFOPLIST_KEY_UIApplicationSupportsIndirectInputEvents = YES;
				INFOPLIST_KEY_UILaunchScreen_Generation = YES;
				INFOPLIST_KEY_UISupportedInterfaceOrientations_iPad = "UIInterfaceOrientationPortrait UIInterfaceOrientationPortraitUpsideDown UIInterfaceOrientationLandscapeLeft UIInterfaceOrientationLandscapeRight";
				INFOPLIST_KEY_UISupportedInterfaceOrientations_iPhone = "UIInterfaceOrientationPortrait UIInterfaceOrientationLandscapeLeft UIInterfaceOrientationLandscapeRight";
				LD_RUNPATH_SEARCH_PATHS = (
					"$(inherited)",
					"@executable_path/Frameworks",
				);
				MARKETING_VERSION = 1.0;
				PRODUCT_BUNDLE_IDENTIFIER = com.Coffeehouse.coffeehouse;
				PRODUCT_NAME = "$(TARGET_NAME)";
				SWIFT_EMIT_LOC_STRINGS = YES;
				SWIFT_VERSION = 5.0;
				TARGETED_DEVICE_FAMILY = "1,2";
			};
			name = Release;
		};
/* End XCBuildConfiguration section */

/* Begin XCConfigurationList section */
		48611FE22BB16A32000762EB /* Build configuration list for PBXProject "coffeehouse" */ = {
			isa = XCConfigurationList;
			buildConfigurations = (
				48611FF32BB16A34000762EB /* Debug */,
				48611FF42BB16A34000762EB /* Release */,
			);
			defaultConfigurationIsVisible = 0;
			defaultConfigurationName = Release;
		};
		48611FF52BB16A34000762EB /* Build configuration list for PBXNativeTarget "coffeehouse" */ = {
			isa = XCConfigurationList;
			buildConfigurations = (
				48611FF62BB16A34000762EB /* Debug */,
				48611FF72BB16A34000762EB /* Release */,
			);
			defaultConfigurationIsVisible = 0;
			defaultConfigurationName = Release;
		};
/* End XCConfigurationList section */

/* Begin XCRemoteSwiftPackageReference section */
		48694A792BB351D500228807 /* XCRemoteSwiftPackageReference "ios-places-sdk" */ = {
			isa = XCRemoteSwiftPackageReference;
			repositoryURL = "https://github.com/googlemaps/ios-places-sdk";
			requirement = {
				kind = upToNextMajorVersion;
				minimumVersion = 8.3.0;
			};
		};
/* End XCRemoteSwiftPackageReference section */

/* Begin XCSwiftPackageProductDependency section */
		48694A7A2BB351D500228807 /* GooglePlaces */ = {
			isa = XCSwiftPackageProductDependency;
			package = 48694A792BB351D500228807 /* XCRemoteSwiftPackageReference "ios-places-sdk" */;
			productName = GooglePlaces;
		};
/* End XCSwiftPackageProductDependency section */
	};
	rootObject = 48611FDF2BB16A32000762EB /* Project object */;
}
